// !$*UTF8*$!
{
	archiveVersion = 1;
	classes = {
	};
	objectVersion = 48;
	objects = {

/* Begin PBXBuildFile section */
		99B0B0F72077144C00EB5B54 /* AppDelegate.swift in Sources */ = {isa = PBXBuildFile; fileRef = 99B0B0F62077144C00EB5B54 /* AppDelegate.swift */; };
		99B0B0F92077144C00EB5B54 /* ViewController.swift in Sources */ = {isa = PBXBuildFile; fileRef = 99B0B0F82077144C00EB5B54 /* ViewController.swift */; };
		99B0B0FC2077144C00EB5B54 /* Main.storyboard in Resources */ = {isa = PBXBuildFile; fileRef = 99B0B0FA2077144C00EB5B54 /* Main.storyboard */; };
		99B0B0FE2077144C00EB5B54 /* Assets.xcassets in Resources */ = {isa = PBXBuildFile; fileRef = 99B0B0FD2077144C00EB5B54 /* Assets.xcassets */; };
		99B0B1012077144C00EB5B54 /* LaunchScreen.storyboard in Resources */ = {isa = PBXBuildFile; fileRef = 99B0B0FF2077144C00EB5B54 /* LaunchScreen.storyboard */; };
/* End PBXBuildFile section */

/* Begin PBXFileReference section */
		99B0B0F32077144C00EB5B54 /* TimerForTestingAudioSession.app */ = {isa = PBXFileReference; explicitFileType = wrapper.application; includeInIndex = 0; path = TimerForTestingAudioSession.app; sourceTree = BUILT_PRODUCTS_DIR; };
		99B0B0F62077144C00EB5B54 /* AppDelegate.swift */ = {isa = PBXFileReference; lastKnownFileType = sourcecode.swift; path = AppDelegate.swift; sourceTree = "<group>"; };
		99B0B0F82077144C00EB5B54 /* ViewController.swift */ = {isa = PBXFileReference; lastKnownFileType = sourcecode.swift; path = ViewController.swift; sourceTree = "<group>"; };
		99B0B0FB2077144C00EB5B54 /* Base */ = {isa = PBXFileReference; lastKnownFileType = file.storyboard; name = Base; path = Base.lproj/Main.storyboard; sourceTree = "<group>"; };
		99B0B0FD2077144C00EB5B54 /* Assets.xcassets */ = {isa = PBXFileReference; lastKnownFileType = folder.assetcatalog; path = Assets.xcassets; sourceTree = "<group>"; };
		99B0B1002077144C00EB5B54 /* Base */ = {isa = PBXFileReference; lastKnownFileType = file.storyboard; name = Base; path = Base.lproj/LaunchScreen.storyboard; sourceTree = "<group>"; };
		99B0B1022077144C00EB5B54 /* Info.plist */ = {isa = PBXFileReference; lastKnownFileType = text.plist.xml; path = Info.plist; sourceTree = "<group>"; };
/* End PBXFileReference section */

/* Begin PBXFrameworksBuildPhase section */
		99B0B0F02077144C00EB5B54 /* Frameworks */ = {
			isa = PBXFrameworksBuildPhase;
			buildActionMask = 2147483647;
			files = (
			);
			runOnlyForDeploymentPostprocessing = 0;
		};
/* End PBXFrameworksBuildPhase section */

/* Begin PBXGroup section */
		99B0B0EA2077144C00EB5B54 = {
			isa = PBXGroup;
			children = (
				99B0B0F52077144C00EB5B54 /* TimerForTestingAudioSession */,
				99B0B0F42077144C00EB5B54 /* Products */,
			);
			sourceTree = "<group>";
		};
		99B0B0F42077144C00EB5B54 /* Products */ = {
			isa = PBXGroup;
			children = (
				99B0B0F32077144C00EB5B54 /* TimerForTestingAudioSession.app */,
			);
			name = Products;
			sourceTree = "<group>";
		};
		99B0B0F52077144C00EB5B54 /* TimerForTestingAudioSession */ = {
			isa = PBXGroup;
			children = (
				99B0B0F62077144C00EB5B54 /* AppDelegate.swift */,
				99B0B0F82077144C00EB5B54 /* ViewController.swift */,
				99B0B0FA2077144C00EB5B54 /* Main.storyboard */,
				99B0B0FD2077144C00EB5B54 /* Assets.xcassets */,
				99B0B0FF2077144C00EB5B54 /* LaunchScreen.storyboard */,
				99B0B1022077144C00EB5B54 /* Info.plist */,
			);
			path = TimerForTestingAudioSession;
			sourceTree = "<group>";
		};
/* End PBXGroup section */

/* Begin PBXNativeTarget section */
		99B0B0F22077144C00EB5B54 /* TimerForTestingAudioSession */ = {
			isa = PBXNativeTarget;
			buildConfigurationList = 99B0B1052077144C00EB5B54 /* Build configuration list for PBXNativeTarget "TimerForTestingAudioSession" */;
			buildPhases = (
				99B0B0EF2077144C00EB5B54 /* Sources */,
				99B0B0F02077144C00EB5B54 /* Frameworks */,
				99B0B0F12077144C00EB5B54 /* Resources */,
			);
			buildRules = (
			);
			dependencies = (
			);
			name = TimerForTestingAudioSession;
			productName = TimerForTestingAudioSession;
			productReference = 99B0B0F32077144C00EB5B54 /* TimerForTestingAudioSession.app */;
			productType = "com.apple.product-type.application";
		};
/* End PBXNativeTarget section */

/* Begin PBXProject section */
		99B0B0EB2077144C00EB5B54 /* Project object */ = {
			isa = PBXProject;
			attributes = {
				LastSwiftUpdateCheck = 0920;
				LastUpgradeCheck = 0920;
				ORGANIZATIONNAME = timer;
				TargetAttributes = {
					99B0B0F22077144C00EB5B54 = {
						CreatedOnToolsVersion = 9.2;
						ProvisioningStyle = Automatic;
						SystemCapabilities = {
							com.apple.BackgroundModes = {
								enabled = 1;
							};
						};
					};
				};
			};
			buildConfigurationList = 99B0B0EE2077144C00EB5B54 /* Build configuration list for PBXProject "TimerForTestingAudioSession" */;
			compatibilityVersion = "Xcode 8.0";
			developmentRegion = en;
			hasScannedForEncodings = 0;
			knownRegions = (
				en,
				Base,
			);
			mainGroup = 99B0B0EA2077144C00EB5B54;
			productRefGroup = 99B0B0F42077144C00EB5B54 /* Products */;
			projectDirPath = "";
			projectRoot = "";
			targets = (
				99B0B0F22077144C00EB5B54 /* TimerForTestingAudioSession */,
			);
		};
/* End PBXProject section */

/* Begin PBXResourcesBuildPhase section */
		99B0B0F12077144C00EB5B54 /* Resources */ = {
			isa = PBXResourcesBuildPhase;
			buildActionMask = 2147483647;
			files = (
				99B0B1012077144C00EB5B54 /* LaunchScreen.storyboard in Resources */,
				99B0B0FE2077144C00EB5B54 /* Assets.xcassets in Resources */,
				99B0B0FC2077144C00EB5B54 /* Main.storyboard in Resources */,
			);
			runOnlyForDeploymentPostprocessing = 0;
		};
/* End PBXResourcesBuildPhase section */

/* Begin PBXSourcesBuildPhase section */
		99B0B0EF2077144C00EB5B54 /* Sources */ = {
			isa = PBXSourcesBuildPhase;
			buildActionMask = 2147483647;
			files = (
				99B0B0F92077144C00EB5B54 /* ViewController.swift in Sources */,
				99B0B0F72077144C00EB5B54 /* AppDelegate.swift in Sources */,
			);
			runOnlyForDeploymentPostprocessing = 0;
		};
/* End PBXSourcesBuildPhase section */

/* Begin PBXVariantGroup section */
		99B0B0FA2077144C00EB5B54 /* Main.storyboard */ = {
			isa = PBXVariantGroup;
			children = (
				99B0B0FB2077144C00EB5B54 /* Base */,
			);
			name = Main.storyboard;
			sourceTree = "<group>";
		};
		99B0B0FF2077144C00EB5B54 /* LaunchScreen.storyboard */ = {
			isa = PBXVariantGroup;
			children = (
				99B0B1002077144C00EB5B54 /* Base */,
			);
			name = LaunchScreen.storyboard;
			sourceTree = "<group>";
		};
/* End PBXVariantGroup section */

/* Begin XCBuildConfiguration section */
		99B0B1032077144C00EB5B54 /* Debug */ = {
			isa = XCBuildConfiguration;
			buildSettings = {
				ALWAYS_SEARCH_USER_PATHS = NO;
				CLANG_ANALYZER_NONNULL = YES;
				CLANG_ANALYZER_NUMBER_OBJECT_CONVERSION = YES_AGGRESSIVE;
				CLANG_CXX_LANGUAGE_STANDARD = "gnu++14";
				CLANG_CXX_LIBRARY = "libc++";
				CLANG_ENABLE_MODULES = YES;
				CLANG_ENABLE_OBJC_ARC = YES;
				CLANG_WARN_BLOCK_CAPTURE_AUTORELEASING = YES;
				CLANG_WARN_BOOL_CONVERSION = YES;
				CLANG_WARN_COMMA = YES;
				CLANG_WARN_CONSTANT_CONVERSION = YES;
				CLANG_WARN_DIRECT_OBJC_ISA_USAGE = YES_ERROR;
				CLANG_WARN_DOCUMENTATION_COMMENTS = YES;
				CLANG_WARN_EMPTY_BODY = YES;
				CLANG_WARN_ENUM_CONVERSION = YES;
				CLANG_WARN_INFINITE_RECURSION = YES;
				CLANG_WARN_INT_CONVERSION = YES;
				CLANG_WARN_NON_LITERAL_NULL_CONVERSION = YES;
				CLANG_WARN_OBJC_LITERAL_CONVERSION = YES;
				CLANG_WARN_OBJC_ROOT_CLASS = YES_ERROR;
				CLANG_WARN_RANGE_LOOP_ANALYSIS = YES;
				CLANG_WARN_STRICT_PROTOTYPES = YES;
				CLANG_WARN_SUSPICIOUS_MOVE = YES;
				CLANG_WARN_UNGUARDED_AVAILABILITY = YES_AGGRESSIVE;
				CLANG_WARN_UNREACHABLE_CODE = YES;
				CLANG_WARN__DUPLICATE_METHOD_MATCH = YES;
				CODE_SIGN_IDENTITY = "iPhone Developer";
				COPY_PHASE_STRIP = NO;
				DEBUG_INFORMATION_FORMAT = dwarf;
				ENABLE_STRICT_OBJC_MSGSEND = YES;
				ENABLE_TESTABILITY = YES;
				GCC_C_LANGUAGE_STANDARD = gnu11;
				GCC_DYNAMIC_NO_PIC = NO;
				GCC_NO_COMMON_BLOCKS = YES;
				GCC_OPTIMIZATION_LEVEL = 0;
				GCC_PREPROCESSOR_DEFINITIONS = (
					"DEBUG=1",
					"$(inherited)",
				);
				GCC_WARN_64_TO_32_BIT_CONVERSION = YES;
				GCC_WARN_ABOUT_RETURN_TYPE = YES_ERROR;
				GCC_WARN_UNDECLARED_SELECTOR = YES;
				GCC_WARN_UNINITIALIZED_AUTOS = YES_AGGRESSIVE;
				GCC_WARN_UNUSED_FUNCTION = YES;
				GCC_WARN_UNUSED_VARIABLE = YES;
				IPHONEOS_DEPLOYMENT_TARGET = 11.2;
				MTL_ENABLE_DEBUG_INFO = YES;
				ONLY_ACTIVE_ARCH = YES;
				SDKROOT = iphoneos;
				SWIFT_ACTIVE_COMPILATION_CONDITIONS = DEBUG;
				SWIFT_OPTIMIZATION_LEVEL = "-Onone";
			};
			name = Debug;
		};
		99B0B1042077144C00EB5B54 /* Release */ = {
			isa = XCBuildConfiguration;
			buildSettings = {
				ALWAYS_SEARCH_USER_PATHS = NO;
				CLANG_ANALYZER_NONNULL = YES;
				CLANG_ANALYZER_NUMBER_OBJECT_CONVERSION = YES_AGGRESSIVE;
				CLANG_CXX_LANGUAGE_STANDARD = "gnu++14";
				CLANG_CXX_LIBRARY = "libc++";
				CLANG_ENABLE_MODULES = YES;
				CLANG_ENABLE_OBJC_ARC = YES;
				CLANG_WARN_BLOCK_CAPTURE_AUTORELEASING = YES;
				CLANG_WARN_BOOL_CONVERSION = YES;
				CLANG_WARN_COMMA = YES;
				CLANG_WARN_CONSTANT_CONVERSION = YES;
				CLANG_WARN_DIRECT_OBJC_ISA_USAGE = YES_ERROR;
				CLANG_WARN_DOCUMENTATION_COMMENTS = YES;
				CLANG_WARN_EMPTY_BODY = YES;
				CLANG_WARN_ENUM_CONVERSION = YES;
				CLANG_WARN_INFINITE_RECURSION = YES;
				CLANG_WARN_INT_CONVERSION = YES;
				CLANG_WARN_NON_LITERAL_NULL_CONVERSION = YES;
				CLANG_WARN_OBJC_LITERAL_CONVERSION = YES;
				CLANG_WARN_OBJC_ROOT_CLASS = YES_ERROR;
				CLANG_WARN_RANGE_LOOP_ANALYSIS = YES;
				CLANG_WARN_STRICT_PROTOTYPES = YES;
				CLANG_WARN_SUSPICIOUS_MOVE = YES;
				CLANG_WARN_UNGUARDED_AVAILABILITY = YES_AGGRESSIVE;
				CLANG_WARN_UNREACHABLE_CODE = YES;
				CLANG_WARN__DUPLICATE_METHOD_MATCH = YES;
				CODE_SIGN_IDENTITY = "iPhone Developer";
				COPY_PHASE_STRIP = NO;
				DEBUG_INFORMATION_FORMAT = "dwarf-with-dsym";
				ENABLE_NS_ASSERTIONS = NO;
				ENABLE_STRICT_OBJC_MSGSEND = YES;
				GCC_C_LANGUAGE_STANDARD = gnu11;
				GCC_NO_COMMON_BLOCKS = YES;
				GCC_WARN_64_TO_32_BIT_CONVERSION = YES;
				GCC_WARN_ABOUT_RETURN_TYPE = YES_ERROR;
				GCC_WARN_UNDECLARED_SELECTOR = YES;
				GCC_WARN_UNINITIALIZED_AUTOS = YES_AGGRESSIVE;
				GCC_WARN_UNUSED_FUNCTION = YES;
				GCC_WARN_UNUSED_VARIABLE = YES;
				IPHONEOS_DEPLOYMENT_TARGET = 11.2;
				MTL_ENABLE_DEBUG_INFO = NO;
				SDKROOT = iphoneos;
				SWIFT_OPTIMIZATION_LEVEL = "-Owholemodule";
				VALIDATE_PRODUCT = YES;
			};
			name = Release;
		};
		99B0B1062077144C00EB5B54 /* Debug */ = {
			isa = XCBuildConfiguration;
			buildSettings = {
				ASSETCATALOG_COMPILER_APPICON_NAME = AppIcon;
				CODE_SIGN_STYLE = Automatic;
				DEVELOPMENT_TEAM = ANF8R4CHNM;
				INFOPLIST_FILE = TimerForTestingAudioSession/Info.plist;
				IPHONEOS_DEPLOYMENT_TARGET = 10.0;
				LD_RUNPATH_SEARCH_PATHS = "$(inherited) @executable_path/Frameworks";
				PRODUCT_BUNDLE_IDENTIFIER = com.timer.TimerForTestingAudioSession;
				PRODUCT_NAME = "$(TARGET_NAME)";
				SWIFT_VERSION = 4.0;
				TARGETED_DEVICE_FAMILY = "1,2";
			};
			name = Debug;
		};
		99B0B1072077144C00EB5B54 /* Release */ = {
			isa = XCBuildConfiguration;
			buildSettings = {
				ASSETCATALOG_COMPILER_APPICON_NAME = AppIcon;
				CODE_SIGN_STYLE = Automatic;
				DEVELOPMENT_TEAM = ANF8R4CHNM;
				INFOPLIST_FILE = TimerForTestingAudioSession/Info.plist;
				IPHONEOS_DEPLOYMENT_TARGET = 10.0;
				LD_RUNPATH_SEARCH_PATHS = "$(inherited) @executable_path/Frameworks";
				PRODUCT_BUNDLE_IDENTIFIER = com.timer.TimerForTestingAudioSession;
				PRODUCT_NAME = "$(TARGET_NAME)";
				SWIFT_VERSION = 4.0;
				TARGETED_DEVICE_FAMILY = "1,2";
			};
			name = Release;
		};
/* End XCBuildConfiguration section */

/* Begin XCConfigurationList section */
		99B0B0EE2077144C00EB5B54 /* Build configuration list for PBXProject "TimerForTestingAudioSession" */ = {
			isa = XCConfigurationList;
			buildConfigurations = (
				99B0B1032077144C00EB5B54 /* Debug */,
				99B0B1042077144C00EB5B54 /* Release */,
			);
			defaultConfigurationIsVisible = 0;
			defaultConfigurationName = Release;
		};
		99B0B1052077144C00EB5B54 /* Build configuration list for PBXNativeTarget "TimerForTestingAudioSession" */ = {
			isa = XCConfigurationList;
			buildConfigurations = (
				99B0B1062077144C00EB5B54 /* Debug */,
				99B0B1072077144C00EB5B54 /* Release */,
			);
			defaultConfigurationIsVisible = 0;
			defaultConfigurationName = Release;
		};
/* End XCConfigurationList section */
	};
	rootObject = 99B0B0EB2077144C00EB5B54 /* Project object */;
}
